
Microsoft Visual Studio Solution File, Format Version 12.00
# Visual Studio Version 17
VisualStudioVersion = 17.6.33712.159
MinimumVisualStudioVersion = 10.0.40219.1
Project("{9A19103F-16F7-4668-BE54-9A1E7A4F7556}") = "IfStatement_Renewal Subcriptions", "Renewal Subcriptions\IfStatement_Renewal Subcriptions.csproj", "{40CF7A8F-060D-4EC1-851A-8750309CF0F8}"
EndProject
Project("{9A19103F-16F7-4668-BE54-9A1E7A4F7556}") = "IfStatement_RollDiceGame", "Roll Dice Game\IfStatement_RollDiceGame.csproj", "{1D9F9465-F9BA-4877-9ECF-D0320FF21F7D}"
EndProject
Project("{9A19103F-16F7-4668-BE54-9A1E7A4F7556}") = "ArrayForeach_Declare", "Array\ArrayForeach_Declare.csproj", "{A2036765-1675-4145-AB56-52CC857D51F6}"
EndProject
Global
	GlobalSection(SolutionConfigurationPlatforms) = preSolution
		Debug|Any CPU = Debug|Any CPU
		Release|Any CPU = Release|Any CPU
	EndGlobalSection
	GlobalSection(ProjectConfigurationPlatforms) = postSolution
		{40CF7A8F-060D-4EC1-851A-8750309CF0F8}.Debug|Any CPU.ActiveCfg = Debug|Any CPU
		{40CF7A8F-060D-4EC1-851A-8750309CF0F8}.Debug|Any CPU.Build.0 = Debug|Any CPU
		{40CF7A8F-060D-4EC1-851A-8750309CF0F8}.Release|Any CPU.ActiveCfg = Release|Any CPU
		{40CF7A8F-060D-4EC1-851A-8750309CF0F8}.Release|Any CPU.Build.0 = Release|Any CPU
		{1D9F9465-F9BA-4877-9ECF-D0320FF21F7D}.Debug|Any CPU.ActiveCfg = Debug|Any CPU
		{1D9F9465-F9BA-4877-9ECF-D0320FF21F7D}.Debug|Any CPU.Build.0 = Debug|Any CPU
		{1D9F9465-F9BA-4877-9ECF-D0320FF21F7D}.Release|Any CPU.ActiveCfg = Release|Any CPU
		{1D9F9465-F9BA-4877-9ECF-D0320FF21F7D}.Release|Any CPU.Build.0 = Release|Any CPU
		{A2036765-1675-4145-AB56-52CC857D51F6}.Debug|Any CPU.ActiveCfg = Debug|Any CPU
		{A2036765-1675-4145-AB56-52CC857D51F6}.Debug|Any CPU.Build.0 = Debug|Any CPU
		{A2036765-1675-4145-AB56-52CC857D51F6}.Release|Any CPU.ActiveCfg = Release|Any CPU
		{A2036765-1675-4145-AB56-52CC857D51F6}.Release|Any CPU.Build.0 = Release|Any CPU
	EndGlobalSection
	GlobalSection(SolutionProperties) = preSolution
		HideSolutionNode = FALSE
	EndGlobalSection
	GlobalSection(ExtensibilityGlobals) = postSolution
		SolutionGuid = {EC811E81-10BA-45B0-9FA9-528012DE5C16}
	EndGlobalSection
EndGlobal
